
Microsoft Visual Studio Solution File, Format Version 12.00
# Visual Studio Version 17
VisualStudioVersion = 17.5.33502.453
MinimumVisualStudioVersion = 10.0.40219.1
Project("{FAE04EC0-301F-11D3-BF4B-00C04F79EFBC}") = "ConsoleApp10", "ConsoleApp10\ConsoleApp10.csproj", "{2E994E40-3DC2-4FAC-BAC6-0D519EC1B617}"
EndProject
Project("{FAE04EC0-301F-11D3-BF4B-00C04F79EFBC}") = "ConsoleApp1", "ConsoleApp1\ConsoleApp1.csproj", "{54E898FB-FC90-4213-9ABB-BDF0D40DA2EC}"
EndProject
Global
	GlobalSection(SolutionConfigurationPlatforms) = preSolution
		Debug|Any CPU = Debug|Any CPU
		Release|Any CPU = Release|Any CPU
	EndGlobalSection
	GlobalSection(ProjectConfigurationPlatforms) = postSolution
		{2E994E40-3DC2-4FAC-BAC6-0D519EC1B617}.Debug|Any CPU.ActiveCfg = Debug|Any CPU
		{2E994E40-3DC2-4FAC-BAC6-0D519EC1B617}.Debug|Any CPU.Build.0 = Debug|Any CPU
		{2E994E40-3DC2-4FAC-BAC6-0D519EC1B617}.Release|Any CPU.ActiveCfg = Release|Any CPU
		{2E994E40-3DC2-4FAC-BAC6-0D519EC1B617}.Release|Any CPU.Build.0 = Release|Any CPU
		{54E898FB-FC90-4213-9ABB-BDF0D40DA2EC}.Debug|Any CPU.ActiveCfg = Debug|Any CPU
		{54E898FB-FC90-4213-9ABB-BDF0D40DA2EC}.Debug|Any CPU.Build.0 = Debug|Any CPU
		{54E898FB-FC90-4213-9ABB-BDF0D40DA2EC}.Release|Any CPU.ActiveCfg = Release|Any CPU
		{54E898FB-FC90-4213-9ABB-BDF0D40DA2EC}.Release|Any CPU.Build.0 = Release|Any CPU
	EndGlobalSection
	GlobalSection(SolutionProperties) = preSolution
		HideSolutionNode = FALSE
	EndGlobalSection
	GlobalSection(ExtensibilityGlobals) = postSolution
		SolutionGuid = {96CC1B3D-D1BA-4C9B-B31E-7EBA80CC296F}
	EndGlobalSection
EndGlobal
